
Microsoft Visual Studio Solution File, Format Version 12.00
# Visual Studio Version 17
VisualStudioVersion = 17.10.34928.147
MinimumVisualStudioVersion = 10.0.40219.1
Project("{9A19103F-16F7-4668-BE54-9A1E7A4F7556}") = "BlazorAuthentication", "BlazorAuthentication\BlazorAuthentication.csproj", "{820A56BB-BE03-4343-AE63-455323703EA8}"
EndProject
Project("{9A19103F-16F7-4668-BE54-9A1E7A4F7556}") = "BlazorAuthentication.Client", "BlazorAuthentication.Client\BlazorAuthentication.Client.csproj", "{C819F501-F599-4B6A-BF95-62A827B359CB}"
EndProject
Global
	GlobalSection(SolutionConfigurationPlatforms) = preSolution
		Debug|Any CPU = Debug|Any CPU
		Release|Any CPU = Release|Any CPU
	EndGlobalSection
	GlobalSection(ProjectConfigurationPlatforms) = postSolution
		{820A56BB-BE03-4343-AE63-455323703EA8}.Debug|Any CPU.ActiveCfg = Debug|Any CPU
		{820A56BB-BE03-4343-AE63-455323703EA8}.Debug|Any CPU.Build.0 = Debug|Any CPU
		{820A56BB-BE03-4343-AE63-455323703EA8}.Release|Any CPU.ActiveCfg = Release|Any CPU
		{820A56BB-BE03-4343-AE63-455323703EA8}.Release|Any CPU.Build.0 = Release|Any CPU
		{C819F501-F599-4B6A-BF95-62A827B359CB}.Debug|Any CPU.ActiveCfg = Debug|Any CPU
		{C819F501-F599-4B6A-BF95-62A827B359CB}.Debug|Any CPU.Build.0 = Debug|Any CPU
		{C819F501-F599-4B6A-BF95-62A827B359CB}.Release|Any CPU.ActiveCfg = Release|Any CPU
		{C819F501-F599-4B6A-BF95-62A827B359CB}.Release|Any CPU.Build.0 = Release|Any CPU
	EndGlobalSection
	GlobalSection(SolutionProperties) = preSolution
		HideSolutionNode = FALSE
	EndGlobalSection
	GlobalSection(ExtensibilityGlobals) = postSolution
		SolutionGuid = {973974E8-9493-4168-A8C5-38D7306096CA}
	EndGlobalSection
EndGlobal
